// !$*UTF8*$!
{
	archiveVersion = 1;
	classes = {
	};
	objectVersion = 56;
	objects = {

/* Begin PBXBuildFile section */
		15BE132029706A590082A0C4 /* ITFieldsViewModel.swift in Sources */ = {isa = PBXBuildFile; fileRef = 15BE131F29706A580082A0C4 /* ITFieldsViewModel.swift */; };
		57429C72297704290031475D /* BookModalView.swift in Sources */ = {isa = PBXBuildFile; fileRef = 57429C71297704290031475D /* BookModalView.swift */; };
		A1247746296EF24D005579CB /* ContentView.swift in Sources */ = {isa = PBXBuildFile; fileRef = A1247745296EF24D005579CB /* ContentView.swift */; };
		A124774B296EF24E005579CB /* Preview Assets.xcassets in Resources */ = {isa = PBXBuildFile; fileRef = A124774A296EF24E005579CB /* Preview Assets.xcassets */; };
		A13339062978302D00BC720A /* Library.swift in Sources */ = {isa = PBXBuildFile; fileRef = A13339052978302D00BC720A /* Library.swift */; };
		A133CD1F297041DD00EA846C /* ITField.swift in Sources */ = {isa = PBXBuildFile; fileRef = A133CD1E297041DD00EA846C /* ITField.swift */; };
		A13E679F296F7AF200B46E49 /* Friday_13App.swift in Sources */ = {isa = PBXBuildFile; fileRef = A13E6799296F7AF200B46E49 /* Friday_13App.swift */; };
		A13E67A0296F7AF200B46E49 /* Assets.xcassets in Resources */ = {isa = PBXBuildFile; fileRef = A13E679A296F7AF200B46E49 /* Assets.xcassets */; };
		A13E67A2296F7AF200B46E49 /* MyITFieldsView.swift in Sources */ = {isa = PBXBuildFile; fileRef = A13E679D296F7AF200B46E49 /* MyITFieldsView.swift */; };
		A1800F2A2975AE05002EC6EE /* BooksViewModel.swift in Sources */ = {isa = PBXBuildFile; fileRef = A1800F292975AE05002EC6EE /* BooksViewModel.swift */; };
		A1CC8ED6297061D6005B7A65 /* Path.swift in Sources */ = {isa = PBXBuildFile; fileRef = A1CC8ED5297061D6005B7A65 /* Path.swift */; };
		D35522152975A22900E4A603 /* LibraryView.swift in Sources */ = {isa = PBXBuildFile; fileRef = D35522142975A22800E4A603 /* LibraryView.swift */; };
		D3C8543929785DB900D36B34 /* ModalPathView.swift in Sources */ = {isa = PBXBuildFile; fileRef = D3C8543829785DB900D36B34 /* ModalPathView.swift */; };
		D3D290CE297051B700745AAE /* DescriptionView.swift in Sources */ = {isa = PBXBuildFile; fileRef = D3D290CD297051B700745AAE /* DescriptionView.swift */; };
/* End PBXBuildFile section */

/* Begin PBXContainerItemProxy section */
		A1247751296EF24E005579CB /* PBXContainerItemProxy */ = {
			isa = PBXContainerItemProxy;
			containerPortal = A1247738296EF24D005579CB /* Project object */;
			proxyType = 1;
			remoteGlobalIDString = A124773F296EF24D005579CB;
			remoteInfo = "Friday-13";
		};
		A124775B296EF24E005579CB /* PBXContainerItemProxy */ = {
			isa = PBXContainerItemProxy;
			containerPortal = A1247738296EF24D005579CB /* Project object */;
			proxyType = 1;
			remoteGlobalIDString = A124773F296EF24D005579CB;
			remoteInfo = "Friday-13";
		};
/* End PBXContainerItemProxy section */

/* Begin PBXFileReference section */
		15BE131F29706A580082A0C4 /* ITFieldsViewModel.swift */ = {isa = PBXFileReference; lastKnownFileType = sourcecode.swift; path = ITFieldsViewModel.swift; sourceTree = "<group>"; };
		57429C71297704290031475D /* BookModalView.swift */ = {isa = PBXFileReference; lastKnownFileType = sourcecode.swift; path = BookModalView.swift; sourceTree = "<group>"; };
		A1247740296EF24D005579CB /* Friday-13.app */ = {isa = PBXFileReference; explicitFileType = wrapper.application; includeInIndex = 0; path = "Friday-13.app"; sourceTree = BUILT_PRODUCTS_DIR; };
		A1247745296EF24D005579CB /* ContentView.swift */ = {isa = PBXFileReference; lastKnownFileType = sourcecode.swift; path = ContentView.swift; sourceTree = "<group>"; };
		A124774A296EF24E005579CB /* Preview Assets.xcassets */ = {isa = PBXFileReference; lastKnownFileType = folder.assetcatalog; path = "Preview Assets.xcassets"; sourceTree = "<group>"; };
		A1247750296EF24E005579CB /* Friday-13Tests.xctest */ = {isa = PBXFileReference; explicitFileType = wrapper.cfbundle; includeInIndex = 0; path = "Friday-13Tests.xctest"; sourceTree = BUILT_PRODUCTS_DIR; };
		A124775A296EF24E005579CB /* Friday-13UITests.xctest */ = {isa = PBXFileReference; explicitFileType = wrapper.cfbundle; includeInIndex = 0; path = "Friday-13UITests.xctest"; sourceTree = BUILT_PRODUCTS_DIR; };
		A13339052978302D00BC720A /* Library.swift */ = {isa = PBXFileReference; fileEncoding = 4; lastKnownFileType = sourcecode.swift; path = Library.swift; sourceTree = "<group>"; };
		A133CD1E297041DD00EA846C /* ITField.swift */ = {isa = PBXFileReference; lastKnownFileType = sourcecode.swift; path = ITField.swift; sourceTree = "<group>"; };
		A13E6799296F7AF200B46E49 /* Friday_13App.swift */ = {isa = PBXFileReference; fileEncoding = 4; lastKnownFileType = sourcecode.swift; path = Friday_13App.swift; sourceTree = "<group>"; };
		A13E679A296F7AF200B46E49 /* Assets.xcassets */ = {isa = PBXFileReference; lastKnownFileType = folder.assetcatalog; path = Assets.xcassets; sourceTree = "<group>"; };
		A13E679D296F7AF200B46E49 /* MyITFieldsView.swift */ = {isa = PBXFileReference; fileEncoding = 4; lastKnownFileType = sourcecode.swift; path = MyITFieldsView.swift; sourceTree = "<group>"; };
		A1800F292975AE05002EC6EE /* BooksViewModel.swift */ = {isa = PBXFileReference; lastKnownFileType = sourcecode.swift; path = BooksViewModel.swift; sourceTree = "<group>"; };
		A1CC8ED5297061D6005B7A65 /* Path.swift */ = {isa = PBXFileReference; lastKnownFileType = sourcecode.swift; path = Path.swift; sourceTree = "<group>"; };
		D35522142975A22800E4A603 /* LibraryView.swift */ = {isa = PBXFileReference; lastKnownFileType = sourcecode.swift; path = LibraryView.swift; sourceTree = "<group>"; };
		D3C8543829785DB900D36B34 /* ModalPathView.swift */ = {isa = PBXFileReference; lastKnownFileType = sourcecode.swift; path = ModalPathView.swift; sourceTree = "<group>"; };
		D3D290CD297051B700745AAE /* DescriptionView.swift */ = {isa = PBXFileReference; lastKnownFileType = sourcecode.swift; path = DescriptionView.swift; sourceTree = "<group>"; };
/* End PBXFileReference section */

/* Begin PBXFrameworksBuildPhase section */
		A124773D296EF24D005579CB /* Frameworks */ = {
			isa = PBXFrameworksBuildPhase;
			buildActionMask = 2147483647;
			files = (
			);
			runOnlyForDeploymentPostprocessing = 0;
		};
		A124774D296EF24E005579CB /* Frameworks */ = {
			isa = PBXFrameworksBuildPhase;
			buildActionMask = 2147483647;
			files = (
			);
			runOnlyForDeploymentPostprocessing = 0;
		};
		A1247757296EF24E005579CB /* Frameworks */ = {
			isa = PBXFrameworksBuildPhase;
			buildActionMask = 2147483647;
			files = (
			);
			runOnlyForDeploymentPostprocessing = 0;
		};
/* End PBXFrameworksBuildPhase section */

/* Begin PBXGroup section */
		A1247737296EF24D005579CB = {
			isa = PBXGroup;
			children = (
				A13E6799296F7AF200B46E49 /* Friday_13App.swift */,
				A133CD1D297041B100EA846C /* Models */,
				D3C85437297857A300D36B34 /* ViewModels */,
				D35E96EE29758B3700B6E235 /* Views */,
				A13E679A296F7AF200B46E49 /* Assets.xcassets */,
				A1247749296EF24E005579CB /* Preview Content */,
				A1247741296EF24D005579CB /* Products */,
			);
			sourceTree = "<group>";
		};
		A1247741296EF24D005579CB /* Products */ = {
			isa = PBXGroup;
			children = (
				A1247740296EF24D005579CB /* Friday-13.app */,
				A1247750296EF24E005579CB /* Friday-13Tests.xctest */,
				A124775A296EF24E005579CB /* Friday-13UITests.xctest */,
			);
			name = Products;
			sourceTree = "<group>";
		};
		A1247749296EF24E005579CB /* Preview Content */ = {
			isa = PBXGroup;
			children = (
				A124774A296EF24E005579CB /* Preview Assets.xcassets */,
			);
			path = "Preview Content";
			sourceTree = "<group>";
		};
		A133CD1D297041B100EA846C /* Models */ = {
			isa = PBXGroup;
			children = (
				A133CD1E297041DD00EA846C /* ITField.swift */,
				A1CC8ED5297061D6005B7A65 /* Path.swift */,
				A13339052978302D00BC720A /* Library.swift */,
			);
			path = Models;
			sourceTree = "<group>";
		};
		A1A6D6EB297EDC1A0065DD19 /* LibraryViews */ = {
			isa = PBXGroup;
			children = (
				D35522142975A22800E4A603 /* LibraryView.swift */,
				57429C71297704290031475D /* BookModalView.swift */,
			);
			path = LibraryViews;
			sourceTree = "<group>";
		};
		D318C5DC2975857D00019945 /* MyITFieldsViews */ = {
			isa = PBXGroup;
			children = (
				D3D290CD297051B700745AAE /* DescriptionView.swift */,
				D3C8543829785DB900D36B34 /* ModalPathView.swift */,
				A13E679D296F7AF200B46E49 /* MyITFieldsView.swift */,
			);
			path = MyITFieldsViews;
			sourceTree = "<group>";
		};
		D35E96EE29758B3700B6E235 /* Views */ = {
			isa = PBXGroup;
			children = (
				D318C5DC2975857D00019945 /* MyITFieldsViews */,
				A1A6D6EB297EDC1A0065DD19 /* LibraryViews */,
				A1247745296EF24D005579CB /* ContentView.swift */,
			);
			path = Views;
			sourceTree = "<group>";
		};
		D3C85437297857A300D36B34 /* ViewModels */ = {
			isa = PBXGroup;
			children = (
				15BE131F29706A580082A0C4 /* ITFieldsViewModel.swift */,
				A1800F292975AE05002EC6EE /* BooksViewModel.swift */,
			);
			path = ViewModels;
			sourceTree = "<group>";
		};
/* End PBXGroup section */

/* Begin PBXNativeTarget section */
		A124773F296EF24D005579CB /* Friday-13 */ = {
			isa = PBXNativeTarget;
			buildConfigurationList = A1247764296EF24E005579CB /* Build configuration list for PBXNativeTarget "Friday-13" */;
			buildPhases = (
				A124773C296EF24D005579CB /* Sources */,
				A124773D296EF24D005579CB /* Frameworks */,
				A124773E296EF24D005579CB /* Resources */,
				A1A6D6EA297EC6DB0065DD19 /* ShellScript */,
			);
			buildRules = (
			);
			dependencies = (
			);
			name = "Friday-13";
			productName = "Friday-13";
			productReference = A1247740296EF24D005579CB /* Friday-13.app */;
			productType = "com.apple.product-type.application";
		};
		A124774F296EF24E005579CB /* Friday-13Tests */ = {
			isa = PBXNativeTarget;
			buildConfigurationList = A1247767296EF24E005579CB /* Build configuration list for PBXNativeTarget "Friday-13Tests" */;
			buildPhases = (
				A124774C296EF24E005579CB /* Sources */,
				A124774D296EF24E005579CB /* Frameworks */,
				A124774E296EF24E005579CB /* Resources */,
			);
			buildRules = (
			);
			dependencies = (
				A1247752296EF24E005579CB /* PBXTargetDependency */,
			);
			name = "Friday-13Tests";
			productName = "Friday-13Tests";
			productReference = A1247750296EF24E005579CB /* Friday-13Tests.xctest */;
			productType = "com.apple.product-type.bundle.unit-test";
		};
		A1247759296EF24E005579CB /* Friday-13UITests */ = {
			isa = PBXNativeTarget;
			buildConfigurationList = A124776A296EF24E005579CB /* Build configuration list for PBXNativeTarget "Friday-13UITests" */;
			buildPhases = (
				A1247756296EF24E005579CB /* Sources */,
				A1247757296EF24E005579CB /* Frameworks */,
				A1247758296EF24E005579CB /* Resources */,
			);
			buildRules = (
			);
			dependencies = (
				A124775C296EF24E005579CB /* PBXTargetDependency */,
			);
			name = "Friday-13UITests";
			productName = "Friday-13UITests";
			productReference = A124775A296EF24E005579CB /* Friday-13UITests.xctest */;
			productType = "com.apple.product-type.bundle.ui-testing";
		};
/* End PBXNativeTarget section */

/* Begin PBXProject section */
		A1247738296EF24D005579CB /* Project object */ = {
			isa = PBXProject;
			attributes = {
				BuildIndependentTargetsInParallel = 1;
				LastSwiftUpdateCheck = 1420;
				LastUpgradeCheck = 1420;
				TargetAttributes = {
					A124773F296EF24D005579CB = {
						CreatedOnToolsVersion = 14.2;
					};
					A124774F296EF24E005579CB = {
						CreatedOnToolsVersion = 14.2;
						TestTargetID = A124773F296EF24D005579CB;
					};
					A1247759296EF24E005579CB = {
						CreatedOnToolsVersion = 14.2;
						TestTargetID = A124773F296EF24D005579CB;
					};
				};
			};
			buildConfigurationList = A124773B296EF24D005579CB /* Build configuration list for PBXProject "Friday-13" */;
			compatibilityVersion = "Xcode 14.0";
			developmentRegion = en;
			hasScannedForEncodings = 0;
			knownRegions = (
				en,
				Base,
			);
			mainGroup = A1247737296EF24D005579CB;
			productRefGroup = A1247741296EF24D005579CB /* Products */;
			projectDirPath = "";
			projectRoot = "";
			targets = (
				A124773F296EF24D005579CB /* Friday-13 */,
				A124774F296EF24E005579CB /* Friday-13Tests */,
				A1247759296EF24E005579CB /* Friday-13UITests */,
			);
		};
/* End PBXProject section */

/* Begin PBXResourcesBuildPhase section */
		A124773E296EF24D005579CB /* Resources */ = {
			isa = PBXResourcesBuildPhase;
			buildActionMask = 2147483647;
			files = (
				A124774B296EF24E005579CB /* Preview Assets.xcassets in Resources */,
				A13E67A0296F7AF200B46E49 /* Assets.xcassets in Resources */,
			);
			runOnlyForDeploymentPostprocessing = 0;
		};
		A124774E296EF24E005579CB /* Resources */ = {
			isa = PBXResourcesBuildPhase;
			buildActionMask = 2147483647;
			files = (
			);
			runOnlyForDeploymentPostprocessing = 0;
		};
		A1247758296EF24E005579CB /* Resources */ = {
			isa = PBXResourcesBuildPhase;
			buildActionMask = 2147483647;
			files = (
			);
			runOnlyForDeploymentPostprocessing = 0;
		};
/* End PBXResourcesBuildPhase section */

/* Begin PBXShellScriptBuildPhase section */
		A1A6D6EA297EC6DB0065DD19 /* ShellScript */ = {
			isa = PBXShellScriptBuildPhase;
			alwaysOutOfDate = 1;
			buildActionMask = 2147483647;
			files = (
			);
			inputFileListPaths = (
			);
			inputPaths = (
			);
			outputFileListPaths = (
			);
			outputPaths = (
			);
			runOnlyForDeploymentPostprocessing = 0;
			shellPath = /bin/sh;
			shellScript = "export PATH=\"$PATH:/opt/homebrew/bin\"\nif which swiftlint > /dev/null; then\n  swiftlint\nelse\n  echo \"warning: SwiftLint not installed, download from https://github.com/realm/SwiftLint\"\nfi\n";
		};
/* End PBXShellScriptBuildPhase section */

/* Begin PBXSourcesBuildPhase section */
		A124773C296EF24D005579CB /* Sources */ = {
			isa = PBXSourcesBuildPhase;
			buildActionMask = 2147483647;
			files = (
				A1CC8ED6297061D6005B7A65 /* Path.swift in Sources */,
				A13339062978302D00BC720A /* Library.swift in Sources */,
				D3C8543929785DB900D36B34 /* ModalPathView.swift in Sources */,
				15BE132029706A590082A0C4 /* ITFieldsViewModel.swift in Sources */,
				A13E67A2296F7AF200B46E49 /* MyITFieldsView.swift in Sources */,
				57429C72297704290031475D /* BookModalView.swift in Sources */,
				A133CD1F297041DD00EA846C /* ITField.swift in Sources */,
				D3D290CE297051B700745AAE /* DescriptionView.swift in Sources */,
				A1247746296EF24D005579CB /* ContentView.swift in Sources */,
				D35522152975A22900E4A603 /* LibraryView.swift in Sources */,
				A1800F2A2975AE05002EC6EE /* BooksViewModel.swift in Sources */,
				A13E679F296F7AF200B46E49 /* Friday_13App.swift in Sources */,
			);
			runOnlyForDeploymentPostprocessing = 0;
		};
		A124774C296EF24E005579CB /* Sources */ = {
			isa = PBXSourcesBuildPhase;
			buildActionMask = 2147483647;
			files = (
			);
			runOnlyForDeploymentPostprocessing = 0;
		};
		A1247756296EF24E005579CB /* Sources */ = {
			isa = PBXSourcesBuildPhase;
			buildActionMask = 2147483647;
			files = (
			);
			runOnlyForDeploymentPostprocessing = 0;
		};
/* End PBXSourcesBuildPhase section */

/* Begin PBXTargetDependency section */
		A1247752296EF24E005579CB /* PBXTargetDependency */ = {
			isa = PBXTargetDependency;
			target = A124773F296EF24D005579CB /* Friday-13 */;
			targetProxy = A1247751296EF24E005579CB /* PBXContainerItemProxy */;
		};
		A124775C296EF24E005579CB /* PBXTargetDependency */ = {
			isa = PBXTargetDependency;
			target = A124773F296EF24D005579CB /* Friday-13 */;
			targetProxy = A124775B296EF24E005579CB /* PBXContainerItemProxy */;
		};
/* End PBXTargetDependency section */

/* Begin XCBuildConfiguration section */
		A1247762296EF24E005579CB /* Debug */ = {
			isa = XCBuildConfiguration;
			buildSettings = {
				ALWAYS_SEARCH_USER_PATHS = NO;
				CLANG_ANALYZER_NONNULL = YES;
				CLANG_ANALYZER_NUMBER_OBJECT_CONVERSION = YES_AGGRESSIVE;
				CLANG_CXX_LANGUAGE_STANDARD = "gnu++20";
				CLANG_ENABLE_MODULES = YES;
				CLANG_ENABLE_OBJC_ARC = YES;
				CLANG_ENABLE_OBJC_WEAK = YES;
				CLANG_WARN_BLOCK_CAPTURE_AUTORELEASING = YES;
				CLANG_WARN_BOOL_CONVERSION = YES;
				CLANG_WARN_COMMA = YES;
				CLANG_WARN_CONSTANT_CONVERSION = YES;
				CLANG_WARN_DEPRECATED_OBJC_IMPLEMENTATIONS = YES;
				CLANG_WARN_DIRECT_OBJC_ISA_USAGE = YES_ERROR;
				CLANG_WARN_DOCUMENTATION_COMMENTS = YES;
				CLANG_WARN_EMPTY_BODY = YES;
				CLANG_WARN_ENUM_CONVERSION = YES;
				CLANG_WARN_INFINITE_RECURSION = YES;
				CLANG_WARN_INT_CONVERSION = YES;
				CLANG_WARN_NON_LITERAL_NULL_CONVERSION = YES;
				CLANG_WARN_OBJC_IMPLICIT_RETAIN_SELF = YES;
				CLANG_WARN_OBJC_LITERAL_CONVERSION = YES;
				CLANG_WARN_OBJC_ROOT_CLASS = YES_ERROR;
				CLANG_WARN_QUOTED_INCLUDE_IN_FRAMEWORK_HEADER = YES;
				CLANG_WARN_RANGE_LOOP_ANALYSIS = YES;
				CLANG_WARN_STRICT_PROTOTYPES = YES;
				CLANG_WARN_SUSPICIOUS_MOVE = YES;
				CLANG_WARN_UNGUARDED_AVAILABILITY = YES_AGGRESSIVE;
				CLANG_WARN_UNREACHABLE_CODE = YES;
				CLANG_WARN__DUPLICATE_METHOD_MATCH = YES;
				COPY_PHASE_STRIP = NO;
				DEBUG_INFORMATION_FORMAT = dwarf;
				ENABLE_STRICT_OBJC_MSGSEND = YES;
				ENABLE_TESTABILITY = YES;
				GCC_C_LANGUAGE_STANDARD = gnu11;
				GCC_DYNAMIC_NO_PIC = NO;
				GCC_NO_COMMON_BLOCKS = YES;
				GCC_OPTIMIZATION_LEVEL = 0;
				GCC_PREPROCESSOR_DEFINITIONS = (
					"DEBUG=1",
					"$(inherited)",
				);
				GCC_WARN_64_TO_32_BIT_CONVERSION = YES;
				GCC_WARN_ABOUT_RETURN_TYPE = YES_ERROR;
				GCC_WARN_UNDECLARED_SELECTOR = YES;
				GCC_WARN_UNINITIALIZED_AUTOS = YES_AGGRESSIVE;
				GCC_WARN_UNUSED_FUNCTION = YES;
				GCC_WARN_UNUSED_VARIABLE = YES;
				IPHONEOS_DEPLOYMENT_TARGET = 16.2;
				MTL_ENABLE_DEBUG_INFO = INCLUDE_SOURCE;
				MTL_FAST_MATH = YES;
				ONLY_ACTIVE_ARCH = YES;
				SDKROOT = iphoneos;
				SWIFT_ACTIVE_COMPILATION_CONDITIONS = DEBUG;
				SWIFT_OPTIMIZATION_LEVEL = "-Onone";
			};
			name = Debug;
		};
		A1247763296EF24E005579CB /* Release */ = {
			isa = XCBuildConfiguration;
			buildSettings = {
				ALWAYS_SEARCH_USER_PATHS = NO;
				CLANG_ANALYZER_NONNULL = YES;
				CLANG_ANALYZER_NUMBER_OBJECT_CONVERSION = YES_AGGRESSIVE;
				CLANG_CXX_LANGUAGE_STANDARD = "gnu++20";
				CLANG_ENABLE_MODULES = YES;
				CLANG_ENABLE_OBJC_ARC = YES;
				CLANG_ENABLE_OBJC_WEAK = YES;
				CLANG_WARN_BLOCK_CAPTURE_AUTORELEASING = YES;
				CLANG_WARN_BOOL_CONVERSION = YES;
				CLANG_WARN_COMMA = YES;
				CLANG_WARN_CONSTANT_CONVERSION = YES;
				CLANG_WARN_DEPRECATED_OBJC_IMPLEMENTATIONS = YES;
				CLANG_WARN_DIRECT_OBJC_ISA_USAGE = YES_ERROR;
				CLANG_WARN_DOCUMENTATION_COMMENTS = YES;
				CLANG_WARN_EMPTY_BODY = YES;
				CLANG_WARN_ENUM_CONVERSION = YES;
				CLANG_WARN_INFINITE_RECURSION = YES;
				CLANG_WARN_INT_CONVERSION = YES;
				CLANG_WARN_NON_LITERAL_NULL_CONVERSION = YES;
				CLANG_WARN_OBJC_IMPLICIT_RETAIN_SELF = YES;
				CLANG_WARN_OBJC_LITERAL_CONVERSION = YES;
				CLANG_WARN_OBJC_ROOT_CLASS = YES_ERROR;
				CLANG_WARN_QUOTED_INCLUDE_IN_FRAMEWORK_HEADER = YES;
				CLANG_WARN_RANGE_LOOP_ANALYSIS = YES;
				CLANG_WARN_STRICT_PROTOTYPES = YES;
				CLANG_WARN_SUSPICIOUS_MOVE = YES;
				CLANG_WARN_UNGUARDED_AVAILABILITY = YES_AGGRESSIVE;
				CLANG_WARN_UNREACHABLE_CODE = YES;
				CLANG_WARN__DUPLICATE_METHOD_MATCH = YES;
				COPY_PHASE_STRIP = NO;
				DEBUG_INFORMATION_FORMAT = "dwarf-with-dsym";
				ENABLE_NS_ASSERTIONS = NO;
				ENABLE_STRICT_OBJC_MSGSEND = YES;
				GCC_C_LANGUAGE_STANDARD = gnu11;
				GCC_NO_COMMON_BLOCKS = YES;
				GCC_WARN_64_TO_32_BIT_CONVERSION = YES;
				GCC_WARN_ABOUT_RETURN_TYPE = YES_ERROR;
				GCC_WARN_UNDECLARED_SELECTOR = YES;
				GCC_WARN_UNINITIALIZED_AUTOS = YES_AGGRESSIVE;
				GCC_WARN_UNUSED_FUNCTION = YES;
				GCC_WARN_UNUSED_VARIABLE = YES;
				IPHONEOS_DEPLOYMENT_TARGET = 16.2;
				MTL_ENABLE_DEBUG_INFO = NO;
				MTL_FAST_MATH = YES;
				SDKROOT = iphoneos;
				SWIFT_COMPILATION_MODE = wholemodule;
				SWIFT_OPTIMIZATION_LEVEL = "-O";
				VALIDATE_PRODUCT = YES;
			};
			name = Release;
		};
		A1247765296EF24E005579CB /* Debug */ = {
			isa = XCBuildConfiguration;
			buildSettings = {
				ASSETCATALOG_COMPILER_APPICON_NAME = AppIcon;
				ASSETCATALOG_COMPILER_GLOBAL_ACCENT_COLOR_NAME = AccentColor;
				CODE_SIGN_STYLE = Automatic;
				CURRENT_PROJECT_VERSION = 1;
				DEVELOPMENT_ASSET_PATHS = "\"Preview Content\"";
				DEVELOPMENT_TEAM = 46RPY5JJKR;
				ENABLE_PREVIEWS = YES;
				GENERATE_INFOPLIST_FILE = YES;
				INFOPLIST_KEY_UIApplicationSceneManifest_Generation = YES;
				INFOPLIST_KEY_UIApplicationSupportsIndirectInputEvents = YES;
				INFOPLIST_KEY_UILaunchScreen_Generation = YES;
				INFOPLIST_KEY_UISupportedInterfaceOrientations_iPad = "UIInterfaceOrientationPortrait UIInterfaceOrientationPortraitUpsideDown UIInterfaceOrientationLandscapeLeft UIInterfaceOrientationLandscapeRight";
				INFOPLIST_KEY_UISupportedInterfaceOrientations_iPhone = "UIInterfaceOrientationPortrait UIInterfaceOrientationLandscapeLeft UIInterfaceOrientationLandscapeRight";
				LD_RUNPATH_SEARCH_PATHS = (
					"$(inherited)",
					"@executable_path/Frameworks",
				);
				MARKETING_VERSION = 1.0;
				PRODUCT_BUNDLE_IDENTIFIER = "academy.Friday-13";
				PRODUCT_NAME = "$(TARGET_NAME)";
				SWIFT_EMIT_LOC_STRINGS = YES;
				SWIFT_VERSION = 5.0;
				TARGETED_DEVICE_FAMILY = "1,2";
			};
			name = Debug;
		};
		A1247766296EF24E005579CB /* Release */ = {
			isa = XCBuildConfiguration;
			buildSettings = {
				ASSETCATALOG_COMPILER_APPICON_NAME = AppIcon;
				ASSETCATALOG_COMPILER_GLOBAL_ACCENT_COLOR_NAME = AccentColor;
				CODE_SIGN_STYLE = Automatic;
				CURRENT_PROJECT_VERSION = 1;
				DEVELOPMENT_ASSET_PATHS = "\"Preview Content\"";
				DEVELOPMENT_TEAM = 46RPY5JJKR;
				ENABLE_PREVIEWS = YES;
				GENERATE_INFOPLIST_FILE = YES;
				INFOPLIST_KEY_UIApplicationSceneManifest_Generation = YES;
				INFOPLIST_KEY_UIApplicationSupportsIndirectInputEvents = YES;
				INFOPLIST_KEY_UILaunchScreen_Generation = YES;
				INFOPLIST_KEY_UISupportedInterfaceOrientations_iPad = "UIInterfaceOrientationPortrait UIInterfaceOrientationPortraitUpsideDown UIInterfaceOrientationLandscapeLeft UIInterfaceOrientationLandscapeRight";
				INFOPLIST_KEY_UISupportedInterfaceOrientations_iPhone = "UIInterfaceOrientationPortrait UIInterfaceOrientationLandscapeLeft UIInterfaceOrientationLandscapeRight";
				LD_RUNPATH_SEARCH_PATHS = (
					"$(inherited)",
					"@executable_path/Frameworks",
				);
				MARKETING_VERSION = 1.0;
				PRODUCT_BUNDLE_IDENTIFIER = "academy.Friday-13";
				PRODUCT_NAME = "$(TARGET_NAME)";
				SWIFT_EMIT_LOC_STRINGS = YES;
				SWIFT_VERSION = 5.0;
				TARGETED_DEVICE_FAMILY = "1,2";
			};
			name = Release;
		};
		A1247768296EF24E005579CB /* Debug */ = {
			isa = XCBuildConfiguration;
			buildSettings = {
				ALWAYS_EMBED_SWIFT_STANDARD_LIBRARIES = YES;
				BUNDLE_LOADER = "$(TEST_HOST)";
				CODE_SIGN_STYLE = Automatic;
				CURRENT_PROJECT_VERSION = 1;
				DEVELOPMENT_TEAM = LPVYFJX62D;
				GENERATE_INFOPLIST_FILE = YES;
				IPHONEOS_DEPLOYMENT_TARGET = 16.2;
				MARKETING_VERSION = 1.0;
				PRODUCT_BUNDLE_IDENTIFIER = "academy.Friday-13Tests";
				PRODUCT_NAME = "$(TARGET_NAME)";
				SWIFT_EMIT_LOC_STRINGS = NO;
				SWIFT_VERSION = 5.0;
				TARGETED_DEVICE_FAMILY = "1,2";
				TEST_HOST = "$(BUILT_PRODUCTS_DIR)/Friday-13.app/$(BUNDLE_EXECUTABLE_FOLDER_PATH)/Friday-13";
			};
			name = Debug;
		};
		A1247769296EF24E005579CB /* Release */ = {
			isa = XCBuildConfiguration;
			buildSettings = {
				ALWAYS_EMBED_SWIFT_STANDARD_LIBRARIES = YES;
				BUNDLE_LOADER = "$(TEST_HOST)";
				CODE_SIGN_STYLE = Automatic;
				CURRENT_PROJECT_VERSION = 1;
				DEVELOPMENT_TEAM = LPVYFJX62D;
				GENERATE_INFOPLIST_FILE = YES;
				IPHONEOS_DEPLOYMENT_TARGET = 16.2;
				MARKETING_VERSION = 1.0;
				PRODUCT_BUNDLE_IDENTIFIER = "academy.Friday-13Tests";
				PRODUCT_NAME = "$(TARGET_NAME)";
				SWIFT_EMIT_LOC_STRINGS = NO;
				SWIFT_VERSION = 5.0;
				TARGETED_DEVICE_FAMILY = "1,2";
				TEST_HOST = "$(BUILT_PRODUCTS_DIR)/Friday-13.app/$(BUNDLE_EXECUTABLE_FOLDER_PATH)/Friday-13";
			};
			name = Release;
		};
		A124776B296EF24E005579CB /* Debug */ = {
			isa = XCBuildConfiguration;
			buildSettings = {
				ALWAYS_EMBED_SWIFT_STANDARD_LIBRARIES = YES;
				CODE_SIGN_STYLE = Automatic;
				CURRENT_PROJECT_VERSION = 1;
				DEVELOPMENT_TEAM = LPVYFJX62D;
				GENERATE_INFOPLIST_FILE = YES;
				MARKETING_VERSION = 1.0;
				PRODUCT_BUNDLE_IDENTIFIER = "academy.Friday-13UITests";
				PRODUCT_NAME = "$(TARGET_NAME)";
				SWIFT_EMIT_LOC_STRINGS = NO;
				SWIFT_VERSION = 5.0;
				TARGETED_DEVICE_FAMILY = "1,2";
				TEST_TARGET_NAME = "Friday-13";
			};
			name = Debug;
		};
		A124776C296EF24E005579CB /* Release */ = {
			isa = XCBuildConfiguration;
			buildSettings = {
				ALWAYS_EMBED_SWIFT_STANDARD_LIBRARIES = YES;
				CODE_SIGN_STYLE = Automatic;
				CURRENT_PROJECT_VERSION = 1;
				DEVELOPMENT_TEAM = LPVYFJX62D;
				GENERATE_INFOPLIST_FILE = YES;
				MARKETING_VERSION = 1.0;
				PRODUCT_BUNDLE_IDENTIFIER = "academy.Friday-13UITests";
				PRODUCT_NAME = "$(TARGET_NAME)";
				SWIFT_EMIT_LOC_STRINGS = NO;
				SWIFT_VERSION = 5.0;
				TARGETED_DEVICE_FAMILY = "1,2";
				TEST_TARGET_NAME = "Friday-13";
			};
			name = Release;
		};
/* End XCBuildConfiguration section */

/* Begin XCConfigurationList section */
		A124773B296EF24D005579CB /* Build configuration list for PBXProject "Friday-13" */ = {
			isa = XCConfigurationList;
			buildConfigurations = (
				A1247762296EF24E005579CB /* Debug */,
				A1247763296EF24E005579CB /* Release */,
			);
			defaultConfigurationIsVisible = 0;
			defaultConfigurationName = Release;
		};
		A1247764296EF24E005579CB /* Build configuration list for PBXNativeTarget "Friday-13" */ = {
			isa = XCConfigurationList;
			buildConfigurations = (
				A1247765296EF24E005579CB /* Debug */,
				A1247766296EF24E005579CB /* Release */,
			);
			defaultConfigurationIsVisible = 0;
			defaultConfigurationName = Release;
		};
		A1247767296EF24E005579CB /* Build configuration list for PBXNativeTarget "Friday-13Tests" */ = {
			isa = XCConfigurationList;
			buildConfigurations = (
				A1247768296EF24E005579CB /* Debug */,
				A1247769296EF24E005579CB /* Release */,
			);
			defaultConfigurationIsVisible = 0;
			defaultConfigurationName = Release;
		};
		A124776A296EF24E005579CB /* Build configuration list for PBXNativeTarget "Friday-13UITests" */ = {
			isa = XCConfigurationList;
			buildConfigurations = (
				A124776B296EF24E005579CB /* Debug */,
				A124776C296EF24E005579CB /* Release */,
			);
			defaultConfigurationIsVisible = 0;
			defaultConfigurationName = Release;
		};
/* End XCConfigurationList section */
	};
	rootObject = A1247738296EF24D005579CB /* Project object */;
}
